# This file was autogenerated by Stack.
# You should not edit this file by hand.
# For more information, please see the documentation at:
#   https://docs.haskellstack.org/en/stable/lock_files

packages:
- completed:
    hackage: random-extras-0.19@sha256:52579ee8653b17d8b19fb54833ecbab8df47b6cf61a77c9614df0c3155441d29,1137
    pantry-tree:
      size: 552
      sha256: 61daee57c0c3e55cb1056176c917bedb3b42315c023398c3f83c9bd75b5e891e
  original:
    hackage: random-extras-0.19
snapshots:
- completed:
    size: 495191
    url: https://raw.githubusercontent.com/commercialhaskell/stackage-snapshots/master/lts/13/5.yaml
    sha256: 9aa96e7a2183db5bd50fc78c463b9738b73b036818cfb4106b82c62e652b7fcf
  original: lts-13.5
